// !$*UTF8*$!
{
	archiveVersion = 1;
	classes = {
	};
	objectVersion = 56;
	objects = {

/* Begin PBXBuildFile section */
		A203353928DB012500D906D1 /* NewUser.swift in Sources */ = {isa = PBXBuildFile; fileRef = A203353828DB012500D906D1 /* NewUser.swift */; };
		A203353F28DB187F00D906D1 /* Kingfisher in Frameworks */ = {isa = PBXBuildFile; productRef = A203353E28DB187F00D906D1 /* Kingfisher */; };
		A2454C2428DA39D6003AC4A3 /* AppDelegate.swift in Sources */ = {isa = PBXBuildFile; fileRef = A2454C2328DA39D6003AC4A3 /* AppDelegate.swift */; };
		A2454C2628DA39D6003AC4A3 /* SceneDelegate.swift in Sources */ = {isa = PBXBuildFile; fileRef = A2454C2528DA39D6003AC4A3 /* SceneDelegate.swift */; };
		A2454C2828DA39D6003AC4A3 /* ViewController.swift in Sources */ = {isa = PBXBuildFile; fileRef = A2454C2728DA39D6003AC4A3 /* ViewController.swift */; };
		A2454C2B28DA39D6003AC4A3 /* Main.storyboard in Resources */ = {isa = PBXBuildFile; fileRef = A2454C2928DA39D6003AC4A3 /* Main.storyboard */; };
		A2454C2E28DA39D6003AC4A3 /* Networking.xcdatamodeld in Sources */ = {isa = PBXBuildFile; fileRef = A2454C2C28DA39D6003AC4A3 /* Networking.xcdatamodeld */; };
		A2454C3028DA39D7003AC4A3 /* Assets.xcassets in Resources */ = {isa = PBXBuildFile; fileRef = A2454C2F28DA39D7003AC4A3 /* Assets.xcassets */; };
		A2454C3328DA39D7003AC4A3 /* LaunchScreen.storyboard in Resources */ = {isa = PBXBuildFile; fileRef = A2454C3128DA39D7003AC4A3 /* LaunchScreen.storyboard */; };
		A2454C3E28DA39D7003AC4A3 /* NetworkingTests.swift in Sources */ = {isa = PBXBuildFile; fileRef = A2454C3D28DA39D7003AC4A3 /* NetworkingTests.swift */; };
		A2454C4828DA39D7003AC4A3 /* NetworkingUITests.swift in Sources */ = {isa = PBXBuildFile; fileRef = A2454C4728DA39D7003AC4A3 /* NetworkingUITests.swift */; };
		A2454C4A28DA39D7003AC4A3 /* NetworkingUITestsLaunchTests.swift in Sources */ = {isa = PBXBuildFile; fileRef = A2454C4928DA39D7003AC4A3 /* NetworkingUITestsLaunchTests.swift */; };
		A2454C5828DA3DA5003AC4A3 /* Alamofire in Frameworks */ = {isa = PBXBuildFile; productRef = A2454C5728DA3DA5003AC4A3 /* Alamofire */; };
		A2454C5A28DA3DF0003AC4A3 /* NetworkingProvider.swift in Sources */ = {isa = PBXBuildFile; fileRef = A2454C5928DA3DF0003AC4A3 /* NetworkingProvider.swift */; };
		A2454C5E28DA43BF003AC4A3 /* User.swift in Sources */ = {isa = PBXBuildFile; fileRef = A2454C5D28DA43BF003AC4A3 /* User.swift */; };
		A2454C6028DAF52B003AC4A3 /* DateDecoder.swift in Sources */ = {isa = PBXBuildFile; fileRef = A2454C5F28DAF52B003AC4A3 /* DateDecoder.swift */; };
/* End PBXBuildFile section */

/* Begin PBXContainerItemProxy section */
		A2454C3A28DA39D7003AC4A3 /* PBXContainerItemProxy */ = {
			isa = PBXContainerItemProxy;
			containerPortal = A2454C1828DA39D6003AC4A3 /* Project object */;
			proxyType = 1;
			remoteGlobalIDString = A2454C1F28DA39D6003AC4A3;
			remoteInfo = Networking;
		};
		A2454C4428DA39D7003AC4A3 /* PBXContainerItemProxy */ = {
			isa = PBXContainerItemProxy;
			containerPortal = A2454C1828DA39D6003AC4A3 /* Project object */;
			proxyType = 1;
			remoteGlobalIDString = A2454C1F28DA39D6003AC4A3;
			remoteInfo = Networking;
		};
/* End PBXContainerItemProxy section */

/* Begin PBXFileReference section */
		A203353828DB012500D906D1 /* NewUser.swift */ = {isa = PBXFileReference; lastKnownFileType = sourcecode.swift; path = NewUser.swift; sourceTree = "<group>"; };
		A2454C2028DA39D6003AC4A3 /* Networking.app */ = {isa = PBXFileReference; explicitFileType = wrapper.application; includeInIndex = 0; path = Networking.app; sourceTree = BUILT_PRODUCTS_DIR; };
		A2454C2328DA39D6003AC4A3 /* AppDelegate.swift */ = {isa = PBXFileReference; lastKnownFileType = sourcecode.swift; path = AppDelegate.swift; sourceTree = "<group>"; };
		A2454C2528DA39D6003AC4A3 /* SceneDelegate.swift */ = {isa = PBXFileReference; lastKnownFileType = sourcecode.swift; path = SceneDelegate.swift; sourceTree = "<group>"; };
		A2454C2728DA39D6003AC4A3 /* ViewController.swift */ = {isa = PBXFileReference; lastKnownFileType = sourcecode.swift; path = ViewController.swift; sourceTree = "<group>"; };
		A2454C2A28DA39D6003AC4A3 /* Base */ = {isa = PBXFileReference; lastKnownFileType = file.storyboard; name = Base; path = Base.lproj/Main.storyboard; sourceTree = "<group>"; };
		A2454C2D28DA39D6003AC4A3 /* Networking.xcdatamodel */ = {isa = PBXFileReference; lastKnownFileType = wrapper.xcdatamodel; path = Networking.xcdatamodel; sourceTree = "<group>"; };
		A2454C2F28DA39D7003AC4A3 /* Assets.xcassets */ = {isa = PBXFileReference; lastKnownFileType = folder.assetcatalog; path = Assets.xcassets; sourceTree = "<group>"; };
		A2454C3228DA39D7003AC4A3 /* Base */ = {isa = PBXFileReference; lastKnownFileType = file.storyboard; name = Base; path = Base.lproj/LaunchScreen.storyboard; sourceTree = "<group>"; };
		A2454C3428DA39D7003AC4A3 /* Info.plist */ = {isa = PBXFileReference; lastKnownFileType = text.plist.xml; path = Info.plist; sourceTree = "<group>"; };
		A2454C3928DA39D7003AC4A3 /* NetworkingTests.xctest */ = {isa = PBXFileReference; explicitFileType = wrapper.cfbundle; includeInIndex = 0; path = NetworkingTests.xctest; sourceTree = BUILT_PRODUCTS_DIR; };
		A2454C3D28DA39D7003AC4A3 /* NetworkingTests.swift */ = {isa = PBXFileReference; lastKnownFileType = sourcecode.swift; path = NetworkingTests.swift; sourceTree = "<group>"; };
		A2454C4328DA39D7003AC4A3 /* NetworkingUITests.xctest */ = {isa = PBXFileReference; explicitFileType = wrapper.cfbundle; includeInIndex = 0; path = NetworkingUITests.xctest; sourceTree = BUILT_PRODUCTS_DIR; };
		A2454C4728DA39D7003AC4A3 /* NetworkingUITests.swift */ = {isa = PBXFileReference; lastKnownFileType = sourcecode.swift; path = NetworkingUITests.swift; sourceTree = "<group>"; };
		A2454C4928DA39D7003AC4A3 /* NetworkingUITestsLaunchTests.swift */ = {isa = PBXFileReference; lastKnownFileType = sourcecode.swift; path = NetworkingUITestsLaunchTests.swift; sourceTree = "<group>"; };
		A2454C5928DA3DF0003AC4A3 /* NetworkingProvider.swift */ = {isa = PBXFileReference; lastKnownFileType = sourcecode.swift; path = NetworkingProvider.swift; sourceTree = "<group>"; };
		A2454C5D28DA43BF003AC4A3 /* User.swift */ = {isa = PBXFileReference; lastKnownFileType = sourcecode.swift; path = User.swift; sourceTree = "<group>"; };
		A2454C5F28DAF52B003AC4A3 /* DateDecoder.swift */ = {isa = PBXFileReference; lastKnownFileType = sourcecode.swift; path = DateDecoder.swift; sourceTree = "<group>"; };
/* End PBXFileReference section */

/* Begin PBXFrameworksBuildPhase section */
		A2454C1D28DA39D6003AC4A3 /* Frameworks */ = {
			isa = PBXFrameworksBuildPhase;
			buildActionMask = 2147483647;
			files = (
				A203353F28DB187F00D906D1 /* Kingfisher in Frameworks */,
				A2454C5828DA3DA5003AC4A3 /* Alamofire in Frameworks */,
			);
			runOnlyForDeploymentPostprocessing = 0;
		};
		A2454C3628DA39D7003AC4A3 /* Frameworks */ = {
			isa = PBXFrameworksBuildPhase;
			buildActionMask = 2147483647;
			files = (
			);
			runOnlyForDeploymentPostprocessing = 0;
		};
		A2454C4028DA39D7003AC4A3 /* Frameworks */ = {
			isa = PBXFrameworksBuildPhase;
			buildActionMask = 2147483647;
			files = (
			);
			runOnlyForDeploymentPostprocessing = 0;
		};
/* End PBXFrameworksBuildPhase section */

/* Begin PBXGroup section */
		A2454C1728DA39D6003AC4A3 = {
			isa = PBXGroup;
			children = (
				A2454C2228DA39D6003AC4A3 /* Networking */,
				A2454C3C28DA39D7003AC4A3 /* NetworkingTests */,
				A2454C4628DA39D7003AC4A3 /* NetworkingUITests */,
				A2454C2128DA39D6003AC4A3 /* Products */,
			);
			sourceTree = "<group>";
		};
		A2454C2128DA39D6003AC4A3 /* Products */ = {
			isa = PBXGroup;
			children = (
				A2454C2028DA39D6003AC4A3 /* Networking.app */,
				A2454C3928DA39D7003AC4A3 /* NetworkingTests.xctest */,
				A2454C4328DA39D7003AC4A3 /* NetworkingUITests.xctest */,
			);
			name = Products;
			sourceTree = "<group>";
		};
		A2454C2228DA39D6003AC4A3 /* Networking */ = {
			isa = PBXGroup;
			children = (
				A2454C5B28DA425B003AC4A3 /* Network */,
				A2454C2328DA39D6003AC4A3 /* AppDelegate.swift */,
				A2454C2528DA39D6003AC4A3 /* SceneDelegate.swift */,
				A2454C2728DA39D6003AC4A3 /* ViewController.swift */,
				A2454C2928DA39D6003AC4A3 /* Main.storyboard */,
				A2454C2F28DA39D7003AC4A3 /* Assets.xcassets */,
				A2454C3128DA39D7003AC4A3 /* LaunchScreen.storyboard */,
				A2454C3428DA39D7003AC4A3 /* Info.plist */,
				A2454C2C28DA39D6003AC4A3 /* Networking.xcdatamodeld */,
			);
			path = Networking;
			sourceTree = "<group>";
		};
		A2454C3C28DA39D7003AC4A3 /* NetworkingTests */ = {
			isa = PBXGroup;
			children = (
				A2454C3D28DA39D7003AC4A3 /* NetworkingTests.swift */,
			);
			path = NetworkingTests;
			sourceTree = "<group>";
		};
		A2454C4628DA39D7003AC4A3 /* NetworkingUITests */ = {
			isa = PBXGroup;
			children = (
				A2454C4728DA39D7003AC4A3 /* NetworkingUITests.swift */,
				A2454C4928DA39D7003AC4A3 /* NetworkingUITestsLaunchTests.swift */,
			);
			path = NetworkingUITests;
			sourceTree = "<group>";
		};
		A2454C5B28DA425B003AC4A3 /* Network */ = {
			isa = PBXGroup;
			children = (
				A2454C6128DAF531003AC4A3 /* Decoder */,
				A2454C5C28DA4273003AC4A3 /* Data */,
				A2454C5928DA3DF0003AC4A3 /* NetworkingProvider.swift */,
			);
			path = Network;
			sourceTree = "<group>";
		};
		A2454C5C28DA4273003AC4A3 /* Data */ = {
			isa = PBXGroup;
			children = (
				A2454C5D28DA43BF003AC4A3 /* User.swift */,
				A203353828DB012500D906D1 /* NewUser.swift */,
			);
			path = Data;
			sourceTree = "<group>";
		};
		A2454C6128DAF531003AC4A3 /* Decoder */ = {
			isa = PBXGroup;
			children = (
				A2454C5F28DAF52B003AC4A3 /* DateDecoder.swift */,
			);
			path = Decoder;
			sourceTree = "<group>";
		};
/* End PBXGroup section */

/* Begin PBXNativeTarget section */
		A2454C1F28DA39D6003AC4A3 /* Networking */ = {
			isa = PBXNativeTarget;
			buildConfigurationList = A2454C4D28DA39D7003AC4A3 /* Build configuration list for PBXNativeTarget "Networking" */;
			buildPhases = (
				A2454C1C28DA39D6003AC4A3 /* Sources */,
				A2454C1D28DA39D6003AC4A3 /* Frameworks */,
				A2454C1E28DA39D6003AC4A3 /* Resources */,
			);
			buildRules = (
			);
			dependencies = (
			);
			name = Networking;
			packageProductDependencies = (
				A2454C5728DA3DA5003AC4A3 /* Alamofire */,
				A203353E28DB187F00D906D1 /* Kingfisher */,
			);
			productName = Networking;
			productReference = A2454C2028DA39D6003AC4A3 /* Networking.app */;
			productType = "com.apple.product-type.application";
		};
		A2454C3828DA39D7003AC4A3 /* NetworkingTests */ = {
			isa = PBXNativeTarget;
			buildConfigurationList = A2454C5028DA39D7003AC4A3 /* Build configuration list for PBXNativeTarget "NetworkingTests" */;
			buildPhases = (
				A2454C3528DA39D7003AC4A3 /* Sources */,
				A2454C3628DA39D7003AC4A3 /* Frameworks */,
				A2454C3728DA39D7003AC4A3 /* Resources */,
			);
			buildRules = (
			);
			dependencies = (
				A2454C3B28DA39D7003AC4A3 /* PBXTargetDependency */,
			);
			name = NetworkingTests;
			productName = NetworkingTests;
			productReference = A2454C3928DA39D7003AC4A3 /* NetworkingTests.xctest */;
			productType = "com.apple.product-type.bundle.unit-test";
		};
		A2454C4228DA39D7003AC4A3 /* NetworkingUITests */ = {
			isa = PBXNativeTarget;
			buildConfigurationList = A2454C5328DA39D7003AC4A3 /* Build configuration list for PBXNativeTarget "NetworkingUITests" */;
			buildPhases = (
				A2454C3F28DA39D7003AC4A3 /* Sources */,
				A2454C4028DA39D7003AC4A3 /* Frameworks */,
				A2454C4128DA39D7003AC4A3 /* Resources */,
			);
			buildRules = (
			);
			dependencies = (
				A2454C4528DA39D7003AC4A3 /* PBXTargetDependency */,
			);
			name = NetworkingUITests;
			productName = NetworkingUITests;
			productReference = A2454C4328DA39D7003AC4A3 /* NetworkingUITests.xctest */;
			productType = "com.apple.product-type.bundle.ui-testing";
		};
/* End PBXNativeTarget section */

/* Begin PBXProject section */
		A2454C1828DA39D6003AC4A3 /* Project object */ = {
			isa = PBXProject;
			attributes = {
				BuildIndependentTargetsInParallel = 1;
				LastSwiftUpdateCheck = 1400;
				LastUpgradeCheck = 1400;
				TargetAttributes = {
					A2454C1F28DA39D6003AC4A3 = {
						CreatedOnToolsVersion = 14.0;
					};
					A2454C3828DA39D7003AC4A3 = {
						CreatedOnToolsVersion = 14.0;
						TestTargetID = A2454C1F28DA39D6003AC4A3;
					};
					A2454C4228DA39D7003AC4A3 = {
						CreatedOnToolsVersion = 14.0;
						TestTargetID = A2454C1F28DA39D6003AC4A3;
					};
				};
			};
			buildConfigurationList = A2454C1B28DA39D6003AC4A3 /* Build configuration list for PBXProject "Networking" */;
			compatibilityVersion = "Xcode 14.0";
			developmentRegion = en;
			hasScannedForEncodings = 0;
			knownRegions = (
				en,
				Base,
			);
			mainGroup = A2454C1728DA39D6003AC4A3;
			packageReferences = (
				A2454C5628DA3DA5003AC4A3 /* XCRemoteSwiftPackageReference "Alamofire" */,
				A203353D28DB187F00D906D1 /* XCRemoteSwiftPackageReference "Kingfisher" */,
			);
			productRefGroup = A2454C2128DA39D6003AC4A3 /* Products */;
			projectDirPath = "";
			projectRoot = "";
			targets = (
				A2454C1F28DA39D6003AC4A3 /* Networking */,
				A2454C3828DA39D7003AC4A3 /* NetworkingTests */,
				A2454C4228DA39D7003AC4A3 /* NetworkingUITests */,
			);
		};
/* End PBXProject section */

/* Begin PBXResourcesBuildPhase section */
		A2454C1E28DA39D6003AC4A3 /* Resources */ = {
			isa = PBXResourcesBuildPhase;
			buildActionMask = 2147483647;
			files = (
				A2454C3328DA39D7003AC4A3 /* LaunchScreen.storyboard in Resources */,
				A2454C3028DA39D7003AC4A3 /* Assets.xcassets in Resources */,
				A2454C2B28DA39D6003AC4A3 /* Main.storyboard in Resources */,
			);
			runOnlyForDeploymentPostprocessing = 0;
		};
		A2454C3728DA39D7003AC4A3 /* Resources */ = {
			isa = PBXResourcesBuildPhase;
			buildActionMask = 2147483647;
			files = (
			);
			runOnlyForDeploymentPostprocessing = 0;
		};
		A2454C4128DA39D7003AC4A3 /* Resources */ = {
			isa = PBXResourcesBuildPhase;
			buildActionMask = 2147483647;
			files = (
			);
			runOnlyForDeploymentPostprocessing = 0;
		};
/* End PBXResourcesBuildPhase section */

/* Begin PBXSourcesBuildPhase section */
		A2454C1C28DA39D6003AC4A3 /* Sources */ = {
			isa = PBXSourcesBuildPhase;
			buildActionMask = 2147483647;
			files = (
				A2454C6028DAF52B003AC4A3 /* DateDecoder.swift in Sources */,
				A2454C2828DA39D6003AC4A3 /* ViewController.swift in Sources */,
				A2454C2428DA39D6003AC4A3 /* AppDelegate.swift in Sources */,
				A2454C5E28DA43BF003AC4A3 /* User.swift in Sources */,
				A203353928DB012500D906D1 /* NewUser.swift in Sources */,
				A2454C2628DA39D6003AC4A3 /* SceneDelegate.swift in Sources */,
				A2454C5A28DA3DF0003AC4A3 /* NetworkingProvider.swift in Sources */,
				A2454C2E28DA39D6003AC4A3 /* Networking.xcdatamodeld in Sources */,
			);
			runOnlyForDeploymentPostprocessing = 0;
		};
		A2454C3528DA39D7003AC4A3 /* Sources */ = {
			isa = PBXSourcesBuildPhase;
			buildActionMask = 2147483647;
			files = (
				A2454C3E28DA39D7003AC4A3 /* NetworkingTests.swift in Sources */,
			);
			runOnlyForDeploymentPostprocessing = 0;
		};
		A2454C3F28DA39D7003AC4A3 /* Sources */ = {
			isa = PBXSourcesBuildPhase;
			buildActionMask = 2147483647;
			files = (
				A2454C4A28DA39D7003AC4A3 /* NetworkingUITestsLaunchTests.swift in Sources */,
				A2454C4828DA39D7003AC4A3 /* NetworkingUITests.swift in Sources */,
			);
			runOnlyForDeploymentPostprocessing = 0;
		};
/* End PBXSourcesBuildPhase section */

/* Begin PBXTargetDependency section */
		A2454C3B28DA39D7003AC4A3 /* PBXTargetDependency */ = {
			isa = PBXTargetDependency;
			target = A2454C1F28DA39D6003AC4A3 /* Networking */;
			targetProxy = A2454C3A28DA39D7003AC4A3 /* PBXContainerItemProxy */;
		};
		A2454C4528DA39D7003AC4A3 /* PBXTargetDependency */ = {
			isa = PBXTargetDependency;
			target = A2454C1F28DA39D6003AC4A3 /* Networking */;
			targetProxy = A2454C4428DA39D7003AC4A3 /* PBXContainerItemProxy */;
		};
/* End PBXTargetDependency section */

/* Begin PBXVariantGroup section */
		A2454C2928DA39D6003AC4A3 /* Main.storyboard */ = {
			isa = PBXVariantGroup;
			children = (
				A2454C2A28DA39D6003AC4A3 /* Base */,
			);
			name = Main.storyboard;
			sourceTree = "<group>";
		};
		A2454C3128DA39D7003AC4A3 /* LaunchScreen.storyboard */ = {
			isa = PBXVariantGroup;
			children = (
				A2454C3228DA39D7003AC4A3 /* Base */,
			);
			name = LaunchScreen.storyboard;
			sourceTree = "<group>";
		};
/* End PBXVariantGroup section */

/* Begin XCBuildConfiguration section */
		A2454C4B28DA39D7003AC4A3 /* Debug */ = {
			isa = XCBuildConfiguration;
			buildSettings = {
				ALWAYS_SEARCH_USER_PATHS = NO;
				CLANG_ANALYZER_NONNULL = YES;
				CLANG_ANALYZER_NUMBER_OBJECT_CONVERSION = YES_AGGRESSIVE;
				CLANG_CXX_LANGUAGE_STANDARD = "gnu++20";
				CLANG_ENABLE_MODULES = YES;
				CLANG_ENABLE_OBJC_ARC = YES;
				CLANG_ENABLE_OBJC_WEAK = YES;
				CLANG_WARN_BLOCK_CAPTURE_AUTORELEASING = YES;
				CLANG_WARN_BOOL_CONVERSION = YES;
				CLANG_WARN_COMMA = YES;
				CLANG_WARN_CONSTANT_CONVERSION = YES;
				CLANG_WARN_DEPRECATED_OBJC_IMPLEMENTATIONS = YES;
				CLANG_WARN_DIRECT_OBJC_ISA_USAGE = YES_ERROR;
				CLANG_WARN_DOCUMENTATION_COMMENTS = YES;
				CLANG_WARN_EMPTY_BODY = YES;
				CLANG_WARN_ENUM_CONVERSION = YES;
				CLANG_WARN_INFINITE_RECURSION = YES;
				CLANG_WARN_INT_CONVERSION = YES;
				CLANG_WARN_NON_LITERAL_NULL_CONVERSION = YES;
				CLANG_WARN_OBJC_IMPLICIT_RETAIN_SELF = YES;
				CLANG_WARN_OBJC_LITERAL_CONVERSION = YES;
				CLANG_WARN_OBJC_ROOT_CLASS = YES_ERROR;
				CLANG_WARN_QUOTED_INCLUDE_IN_FRAMEWORK_HEADER = YES;
				CLANG_WARN_RANGE_LOOP_ANALYSIS = YES;
				CLANG_WARN_STRICT_PROTOTYPES = YES;
				CLANG_WARN_SUSPICIOUS_MOVE = YES;
				CLANG_WARN_UNGUARDED_AVAILABILITY = YES_AGGRESSIVE;
				CLANG_WARN_UNREACHABLE_CODE = YES;
				CLANG_WARN__DUPLICATE_METHOD_MATCH = YES;
				COPY_PHASE_STRIP = NO;
				DEBUG_INFORMATION_FORMAT = dwarf;
				ENABLE_STRICT_OBJC_MSGSEND = YES;
				ENABLE_TESTABILITY = YES;
				GCC_C_LANGUAGE_STANDARD = gnu11;
				GCC_DYNAMIC_NO_PIC = NO;
				GCC_NO_COMMON_BLOCKS = YES;
				GCC_OPTIMIZATION_LEVEL = 0;
				GCC_PREPROCESSOR_DEFINITIONS = (
					"DEBUG=1",
					"$(inherited)",
				);
				GCC_WARN_64_TO_32_BIT_CONVERSION = YES;
				GCC_WARN_ABOUT_RETURN_TYPE = YES_ERROR;
				GCC_WARN_UNDECLARED_SELECTOR = YES;
				GCC_WARN_UNINITIALIZED_AUTOS = YES_AGGRESSIVE;
				GCC_WARN_UNUSED_FUNCTION = YES;
				GCC_WARN_UNUSED_VARIABLE = YES;
				IPHONEOS_DEPLOYMENT_TARGET = 16.0;
				MTL_ENABLE_DEBUG_INFO = INCLUDE_SOURCE;
				MTL_FAST_MATH = YES;
				ONLY_ACTIVE_ARCH = YES;
				SDKROOT = iphoneos;
				SWIFT_ACTIVE_COMPILATION_CONDITIONS = DEBUG;
				SWIFT_OPTIMIZATION_LEVEL = "-Onone";
			};
			name = Debug;
		};
		A2454C4C28DA39D7003AC4A3 /* Release */ = {
			isa = XCBuildConfiguration;
			buildSettings = {
				ALWAYS_SEARCH_USER_PATHS = NO;
				CLANG_ANALYZER_NONNULL = YES;
				CLANG_ANALYZER_NUMBER_OBJECT_CONVERSION = YES_AGGRESSIVE;
				CLANG_CXX_LANGUAGE_STANDARD = "gnu++20";
				CLANG_ENABLE_MODULES = YES;
				CLANG_ENABLE_OBJC_ARC = YES;
				CLANG_ENABLE_OBJC_WEAK = YES;
				CLANG_WARN_BLOCK_CAPTURE_AUTORELEASING = YES;
				CLANG_WARN_BOOL_CONVERSION = YES;
				CLANG_WARN_COMMA = YES;
				CLANG_WARN_CONSTANT_CONVERSION = YES;
				CLANG_WARN_DEPRECATED_OBJC_IMPLEMENTATIONS = YES;
				CLANG_WARN_DIRECT_OBJC_ISA_USAGE = YES_ERROR;
				CLANG_WARN_DOCUMENTATION_COMMENTS = YES;
				CLANG_WARN_EMPTY_BODY = YES;
				CLANG_WARN_ENUM_CONVERSION = YES;
				CLANG_WARN_INFINITE_RECURSION = YES;
				CLANG_WARN_INT_CONVERSION = YES;
				CLANG_WARN_NON_LITERAL_NULL_CONVERSION = YES;
				CLANG_WARN_OBJC_IMPLICIT_RETAIN_SELF = YES;
				CLANG_WARN_OBJC_LITERAL_CONVERSION = YES;
				CLANG_WARN_OBJC_ROOT_CLASS = YES_ERROR;
				CLANG_WARN_QUOTED_INCLUDE_IN_FRAMEWORK_HEADER = YES;
				CLANG_WARN_RANGE_LOOP_ANALYSIS = YES;
				CLANG_WARN_STRICT_PROTOTYPES = YES;
				CLANG_WARN_SUSPICIOUS_MOVE = YES;
				CLANG_WARN_UNGUARDED_AVAILABILITY = YES_AGGRESSIVE;
				CLANG_WARN_UNREACHABLE_CODE = YES;
				CLANG_WARN__DUPLICATE_METHOD_MATCH = YES;
				COPY_PHASE_STRIP = NO;
				DEBUG_INFORMATION_FORMAT = "dwarf-with-dsym";
				ENABLE_NS_ASSERTIONS = NO;
				ENABLE_STRICT_OBJC_MSGSEND = YES;
				GCC_C_LANGUAGE_STANDARD = gnu11;
				GCC_NO_COMMON_BLOCKS = YES;
				GCC_WARN_64_TO_32_BIT_CONVERSION = YES;
				GCC_WARN_ABOUT_RETURN_TYPE = YES_ERROR;
				GCC_WARN_UNDECLARED_SELECTOR = YES;
				GCC_WARN_UNINITIALIZED_AUTOS = YES_AGGRESSIVE;
				GCC_WARN_UNUSED_FUNCTION = YES;
				GCC_WARN_UNUSED_VARIABLE = YES;
				IPHONEOS_DEPLOYMENT_TARGET = 16.0;
				MTL_ENABLE_DEBUG_INFO = NO;
				MTL_FAST_MATH = YES;
				SDKROOT = iphoneos;
				SWIFT_COMPILATION_MODE = wholemodule;
				SWIFT_OPTIMIZATION_LEVEL = "-O";
				VALIDATE_PRODUCT = YES;
			};
			name = Release;
		};
		A2454C4E28DA39D7003AC4A3 /* Debug */ = {
			isa = XCBuildConfiguration;
			buildSettings = {
				ASSETCATALOG_COMPILER_APPICON_NAME = AppIcon;
				ASSETCATALOG_COMPILER_GLOBAL_ACCENT_COLOR_NAME = AccentColor;
				CODE_SIGN_STYLE = Automatic;
				CURRENT_PROJECT_VERSION = 1;
				DEVELOPMENT_TEAM = LDULH83WH9;
				GENERATE_INFOPLIST_FILE = YES;
				INFOPLIST_FILE = Networking/Info.plist;
				INFOPLIST_KEY_UIApplicationSupportsIndirectInputEvents = YES;
				INFOPLIST_KEY_UILaunchStoryboardName = LaunchScreen;
				INFOPLIST_KEY_UIMainStoryboardFile = Main;
				INFOPLIST_KEY_UISupportedInterfaceOrientations_iPad = "UIInterfaceOrientationPortrait UIInterfaceOrientationPortraitUpsideDown UIInterfaceOrientationLandscapeLeft UIInterfaceOrientationLandscapeRight";
				INFOPLIST_KEY_UISupportedInterfaceOrientations_iPhone = "UIInterfaceOrientationPortrait UIInterfaceOrientationLandscapeLeft UIInterfaceOrientationLandscapeRight";
				LD_RUNPATH_SEARCH_PATHS = (
					"$(inherited)",
					"@executable_path/Frameworks",
				);
				MARKETING_VERSION = 1.0;
				PRODUCT_BUNDLE_IDENTIFIER = com.manuelfn.Networking;
				PRODUCT_NAME = "$(TARGET_NAME)";
				SWIFT_EMIT_LOC_STRINGS = YES;
				SWIFT_VERSION = 5.0;
				TARGETED_DEVICE_FAMILY = "1,2";
			};
			name = Debug;
		};
		A2454C4F28DA39D7003AC4A3 /* Release */ = {
			isa = XCBuildConfiguration;
			buildSettings = {
				ASSETCATALOG_COMPILER_APPICON_NAME = AppIcon;
				ASSETCATALOG_COMPILER_GLOBAL_ACCENT_COLOR_NAME = AccentColor;
				CODE_SIGN_STYLE = Automatic;
				CURRENT_PROJECT_VERSION = 1;
				DEVELOPMENT_TEAM = LDULH83WH9;
				GENERATE_INFOPLIST_FILE = YES;
				INFOPLIST_FILE = Networking/Info.plist;
				INFOPLIST_KEY_UIApplicationSupportsIndirectInputEvents = YES;
				INFOPLIST_KEY_UILaunchStoryboardName = LaunchScreen;
				INFOPLIST_KEY_UIMainStoryboardFile = Main;
				INFOPLIST_KEY_UISupportedInterfaceOrientations_iPad = "UIInterfaceOrientationPortrait UIInterfaceOrientationPortraitUpsideDown UIInterfaceOrientationLandscapeLeft UIInterfaceOrientationLandscapeRight";
				INFOPLIST_KEY_UISupportedInterfaceOrientations_iPhone = "UIInterfaceOrientationPortrait UIInterfaceOrientationLandscapeLeft UIInterfaceOrientationLandscapeRight";
				LD_RUNPATH_SEARCH_PATHS = (
					"$(inherited)",
					"@executable_path/Frameworks",
				);
				MARKETING_VERSION = 1.0;
				PRODUCT_BUNDLE_IDENTIFIER = com.manuelfn.Networking;
				PRODUCT_NAME = "$(TARGET_NAME)";
				SWIFT_EMIT_LOC_STRINGS = YES;
				SWIFT_VERSION = 5.0;
				TARGETED_DEVICE_FAMILY = "1,2";
			};
			name = Release;
		};
		A2454C5128DA39D7003AC4A3 /* Debug */ = {
			isa = XCBuildConfiguration;
			buildSettings = {
				ALWAYS_EMBED_SWIFT_STANDARD_LIBRARIES = YES;
				BUNDLE_LOADER = "$(TEST_HOST)";
				CODE_SIGN_STYLE = Automatic;
				CURRENT_PROJECT_VERSION = 1;
				DEVELOPMENT_TEAM = LDULH83WH9;
				GENERATE_INFOPLIST_FILE = YES;
				IPHONEOS_DEPLOYMENT_TARGET = 16.0;
				MARKETING_VERSION = 1.0;
				PRODUCT_BUNDLE_IDENTIFIER = com.manuelfn.NetworkingTests;
				PRODUCT_NAME = "$(TARGET_NAME)";
				SWIFT_EMIT_LOC_STRINGS = NO;
				SWIFT_VERSION = 5.0;
				TARGETED_DEVICE_FAMILY = "1,2";
				TEST_HOST = "$(BUILT_PRODUCTS_DIR)/Networking.app/$(BUNDLE_EXECUTABLE_FOLDER_PATH)/Networking";
			};
			name = Debug;
		};
		A2454C5228DA39D7003AC4A3 /* Release */ = {
			isa = XCBuildConfiguration;
			buildSettings = {
				ALWAYS_EMBED_SWIFT_STANDARD_LIBRARIES = YES;
				BUNDLE_LOADER = "$(TEST_HOST)";
				CODE_SIGN_STYLE = Automatic;
				CURRENT_PROJECT_VERSION = 1;
				DEVELOPMENT_TEAM = LDULH83WH9;
				GENERATE_INFOPLIST_FILE = YES;
				IPHONEOS_DEPLOYMENT_TARGET = 16.0;
				MARKETING_VERSION = 1.0;
				PRODUCT_BUNDLE_IDENTIFIER = com.manuelfn.NetworkingTests;
				PRODUCT_NAME = "$(TARGET_NAME)";
				SWIFT_EMIT_LOC_STRINGS = NO;
				SWIFT_VERSION = 5.0;
				TARGETED_DEVICE_FAMILY = "1,2";
				TEST_HOST = "$(BUILT_PRODUCTS_DIR)/Networking.app/$(BUNDLE_EXECUTABLE_FOLDER_PATH)/Networking";
			};
			name = Release;
		};
		A2454C5428DA39D7003AC4A3 /* Debug */ = {
			isa = XCBuildConfiguration;
			buildSettings = {
				ALWAYS_EMBED_SWIFT_STANDARD_LIBRARIES = YES;
				CODE_SIGN_STYLE = Automatic;
				CURRENT_PROJECT_VERSION = 1;
				DEVELOPMENT_TEAM = LDULH83WH9;
				GENERATE_INFOPLIST_FILE = YES;
				MARKETING_VERSION = 1.0;
				PRODUCT_BUNDLE_IDENTIFIER = com.manuelfn.NetworkingUITests;
				PRODUCT_NAME = "$(TARGET_NAME)";
				SWIFT_EMIT_LOC_STRINGS = NO;
				SWIFT_VERSION = 5.0;
				TARGETED_DEVICE_FAMILY = "1,2";
				TEST_TARGET_NAME = Networking;
			};
			name = Debug;
		};
		A2454C5528DA39D7003AC4A3 /* Release */ = {
			isa = XCBuildConfiguration;
			buildSettings = {
				ALWAYS_EMBED_SWIFT_STANDARD_LIBRARIES = YES;
				CODE_SIGN_STYLE = Automatic;
				CURRENT_PROJECT_VERSION = 1;
				DEVELOPMENT_TEAM = LDULH83WH9;
				GENERATE_INFOPLIST_FILE = YES;
				MARKETING_VERSION = 1.0;
				PRODUCT_BUNDLE_IDENTIFIER = com.manuelfn.NetworkingUITests;
				PRODUCT_NAME = "$(TARGET_NAME)";
				SWIFT_EMIT_LOC_STRINGS = NO;
				SWIFT_VERSION = 5.0;
				TARGETED_DEVICE_FAMILY = "1,2";
				TEST_TARGET_NAME = Networking;
			};
			name = Release;
		};
/* End XCBuildConfiguration section */

/* Begin XCConfigurationList section */
		A2454C1B28DA39D6003AC4A3 /* Build configuration list for PBXProject "Networking" */ = {
			isa = XCConfigurationList;
			buildConfigurations = (
				A2454C4B28DA39D7003AC4A3 /* Debug */,
				A2454C4C28DA39D7003AC4A3 /* Release */,
			);
			defaultConfigurationIsVisible = 0;
			defaultConfigurationName = Release;
		};
		A2454C4D28DA39D7003AC4A3 /* Build configuration list for PBXNativeTarget "Networking" */ = {
			isa = XCConfigurationList;
			buildConfigurations = (
				A2454C4E28DA39D7003AC4A3 /* Debug */,
				A2454C4F28DA39D7003AC4A3 /* Release */,
			);
			defaultConfigurationIsVisible = 0;
			defaultConfigurationName = Release;
		};
		A2454C5028DA39D7003AC4A3 /* Build configuration list for PBXNativeTarget "NetworkingTests" */ = {
			isa = XCConfigurationList;
			buildConfigurations = (
				A2454C5128DA39D7003AC4A3 /* Debug */,
				A2454C5228DA39D7003AC4A3 /* Release */,
			);
			defaultConfigurationIsVisible = 0;
			defaultConfigurationName = Release;
		};
		A2454C5328DA39D7003AC4A3 /* Build configuration list for PBXNativeTarget "NetworkingUITests" */ = {
			isa = XCConfigurationList;
			buildConfigurations = (
				A2454C5428DA39D7003AC4A3 /* Debug */,
				A2454C5528DA39D7003AC4A3 /* Release */,
			);
			defaultConfigurationIsVisible = 0;
			defaultConfigurationName = Release;
		};
/* End XCConfigurationList section */

/* Begin XCRemoteSwiftPackageReference section */
		A203353D28DB187F00D906D1 /* XCRemoteSwiftPackageReference "Kingfisher" */ = {
			isa = XCRemoteSwiftPackageReference;
			repositoryURL = "https://github.com/onevcat/Kingfisher";
			requirement = {
				kind = upToNextMajorVersion;
				minimumVersion = 7.0.0;
			};
		};
		A2454C5628DA3DA5003AC4A3 /* XCRemoteSwiftPackageReference "Alamofire" */ = {
			isa = XCRemoteSwiftPackageReference;
			repositoryURL = "https://github.com/Alamofire/Alamofire.git";
			requirement = {
				branch = master;
				kind = branch;
			};
		};
/* End XCRemoteSwiftPackageReference section */

/* Begin XCSwiftPackageProductDependency section */
		A203353E28DB187F00D906D1 /* Kingfisher */ = {
			isa = XCSwiftPackageProductDependency;
			package = A203353D28DB187F00D906D1 /* XCRemoteSwiftPackageReference "Kingfisher" */;
			productName = Kingfisher;
		};
		A2454C5728DA3DA5003AC4A3 /* Alamofire */ = {
			isa = XCSwiftPackageProductDependency;
			package = A2454C5628DA3DA5003AC4A3 /* XCRemoteSwiftPackageReference "Alamofire" */;
			productName = Alamofire;
		};
/* End XCSwiftPackageProductDependency section */

/* Begin XCVersionGroup section */
		A2454C2C28DA39D6003AC4A3 /* Networking.xcdatamodeld */ = {
			isa = XCVersionGroup;
			children = (
				A2454C2D28DA39D6003AC4A3 /* Networking.xcdatamodel */,
			);
			currentVersion = A2454C2D28DA39D6003AC4A3 /* Networking.xcdatamodel */;
			path = Networking.xcdatamodeld;
			sourceTree = "<group>";
			versionGroupType = wrapper.xcdatamodel;
		};
/* End XCVersionGroup section */
	};
	rootObject = A2454C1828DA39D6003AC4A3 /* Project object */;
}
